github.com/fsnotify/fsnotify v1.4.7 h1:IXs+QLmnXW2CcXuY+8Mzv/fWEsPGWxqefPtCP5CnV9I=
github.com/fsnotify/fsnotify v1.4.7/go.mod h1:jwhsz4b93w/PPRr/qN1Yymfu8t87LnFCMoQvtojpjFo=
github.com/jstemmer/go-junit-report v0.0.0-20190106144839-af01ea7f8024 h1:rBMNdlhTLzJjJSDIjNEXX1Pz3Hmwmz91v+zycvx9PJc=
github.com/jstemmer/go-junit-report v0.0.0-20190106144839-af01ea7f8024/go.mod h1:6v2b51hI/fHJwM22ozAgKL4VKDeJcHhJFhtBdhmNjmU=
github.com/slytomcat/llog v0.0.0-20190104202300-c8978e4fae9a h1:fhFmg2geN1QrIdSMTp3I3fNIAMm0komnnLOQ5/q+dmQ=
github.com/slytomcat/llog v0.0.0-20190104202300-c8978e4fae9a/go.mod h1:l0Mcs3u4uKFjQZ1W5luGEPMznBpNtR+AoBJs5/XSp3o=
github.com/slytomcat/yandex-disk-simulator v0.0.0-20190129232511-c008f6f0213f h1:Hr6lfSJWJPuIFWzTF0lF9+BepNmjOg9jtPwEjTSsGbs=
github.com/slytomcat/yandex-disk-simulator v0.0.0-20190129232511-c008f6f0213f/go.mod h1:zJUnT5tjPX5QDe/EC8s4CbACbY5InPwhrddR3mExF+s=
github.com/slytomcat/yandex-disk-simulator v0.0.0-20190202171116-4b3395ddd90b h1:5gjti9AoRHRhO08ujtuppV855zf4eu5iaIsKRqi86n4=
github.com/slytomcat/yandex-disk-simulator v0.0.0-20190202171116-4b3395ddd90b/go.mod h1:zJUnT5tjPX5QDe/EC8s4CbACbY5InPwhrddR3mExF+s=
golang.org/x/sys v0.0.0-20190129075346-302c3dd5f1cc/go.mod h1:STP8DvDyc/dI5b8T5hshtkjS+E42TnysNCUPdjciGhY=
golang.org/x/sys v0.0.0-20190201073406-2970a3744de3 h1:T+tUZQaScsk3yasBxlZ8CMQMak4Nx61BBKZy88wELGY=
golang.org/x/sys v0.0.0-20190201073406-2970a3744de3/go.mod h1:STP8DvDyc/dI5b8T5hshtkjS+E42TnysNCUPdjciGhY=
golang.org/x/sys v0.0.0-20190201152629-afcc84fd7533 h1:bLfqnzrpeG4usq5OvMCrwTdmMJ6aTmlCuo1eKl0mhkI=
golang.org/x/sys v0.0.0-20190201152629-afcc84fd7533/go.mod h1:STP8DvDyc/dI5b8T5hshtkjS+E42TnysNCUPdjciGhY=
golang.org/x/sys v0.0.0-20190203050204-7ae0202eb74c h1:YeMXU0KQqExdpG959DFhAhfpY8myIsnfqj8lhNFRzzE=
golang.org/x/sys v0.0.0-20190203050204-7ae0202eb74c/go.mod h1:STP8DvDyc/dI5b8T5hshtkjS+E42TnysNCUPdjciGhY=
golang.org/x/sys v0.0.0-20190204103248-980327fe3c65 h1:kWe3kjq30rdgl/nMB+ZR7kWcMnlZZ35LNkvwLN7yBco=
golang.org/x/sys v0.0.0-20190204103248-980327fe3c65/go.mod h1:STP8DvDyc/dI5b8T5hshtkjS+E42TnysNCUPdjciGhY=
golang.org/x/sys v0.0.0-20190204203706-41f3e6584952 h1:FDfvYgoVsA7TTZSbgiqjAbfPbK47CNHdWl3h/PJtii0=
golang.org/x/sys v0.0.0-20190204203706-41f3e6584952/go.mod h1:STP8DvDyc/dI5b8T5hshtkjS+E42TnysNCUPdjciGhY=
