github.com/fsnotify/fsnotify v1.4.7 h1:IXs+QLmnXW2CcXuY+8Mzv/fWEsPGWxqefPtCP5CnV9I=
github.com/fsnotify/fsnotify v1.4.7/go.mod h1:jwhsz4b93w/PPRr/qN1Yymfu8t87LnFCMoQvtojpjFo=
github.com/slytomcat/llog v0.0.0-20181019073344-e5e77a7e5708 h1:RjYOrfIDjVN/qAEJFDnTF4dGeTlQTfVArQetmCdsAAs=
github.com/slytomcat/llog v0.0.0-20181019073344-e5e77a7e5708/go.mod h1:l0Mcs3u4uKFjQZ1W5luGEPMznBpNtR+AoBJs5/XSp3o=
github.com/slytomcat/yandex-disk-simulator v0.0.0-20190107200251-207ace62e091 h1:Bay+eyaiC14CCBO8jByUU/a5HkH4nJObdcgA922KEZA=
github.com/slytomcat/yandex-disk-simulator v0.0.0-20190107200251-207ace62e091/go.mod h1:eGnZP1FMyaG5BJAVMkC5aglVULFxuaaY0PUiPIfdzUo=
github.com/slytomcat/yandex-disk-simulator v0.0.0-20190114060233-16515759c65f h1:VFBvySuY7fSV0CDejjHa4NvMUxGNxG5KLMMUAzHpj20=
github.com/slytomcat/yandex-disk-simulator v0.0.0-20190114060233-16515759c65f/go.mod h1:eGnZP1FMyaG5BJAVMkC5aglVULFxuaaY0PUiPIfdzUo=
golang.org/x/sys v0.0.0-20181228144115-9a3f9b0469bb h1:pf3XwC90UUdNPYWZdFjhGBE7DUFuK3Ct1zWmZ65QN30=
golang.org/x/sys v0.0.0-20181228144115-9a3f9b0469bb/go.mod h1:STP8DvDyc/dI5b8T5hshtkjS+E42TnysNCUPdjciGhY=
